
Microsoft Visual Studio Solution File, Format Version 12.00
# Visual Studio Version 16
VisualStudioVersion = 16.0.31624.102
MinimumVisualStudioVersion = 10.0.40219.1
Project("{FAE04EC0-301F-11D3-BF4B-00C04F79EFBC}") = "Beginner", "Beginner\Beginner.csproj", "{8F9776FF-F389-404F-B734-D3E872E38696}"
EndProject
Project("{FAE04EC0-301F-11D3-BF4B-00C04F79EFBC}") = "Football", "Football\Football.csproj", "{CEB59157-FBC4-4D24-B238-7E805D3C5E50}"
EndProject
Project("{FAE04EC0-301F-11D3-BF4B-00C04F79EFBC}") = "EFPractice", "EFPractice\EFPractice.csproj", "{41D54AF2-4C03-431B-8A90-D01D83B52203}"
EndProject
Project("{FAE04EC0-301F-11D3-BF4B-00C04F79EFBC}") = "StudentPrac", "StudentPrac\StudentPrac.csproj", "{2301C006-5140-45D2-9041-16FDA7887DD3}"
EndProject
Global
	GlobalSection(SolutionConfigurationPlatforms) = preSolution
		Debug|Any CPU = Debug|Any CPU
		Release|Any CPU = Release|Any CPU
	EndGlobalSection
	GlobalSection(ProjectConfigurationPlatforms) = postSolution
		{8F9776FF-F389-404F-B734-D3E872E38696}.Debug|Any CPU.ActiveCfg = Debug|Any CPU
		{8F9776FF-F389-404F-B734-D3E872E38696}.Debug|Any CPU.Build.0 = Debug|Any CPU
		{8F9776FF-F389-404F-B734-D3E872E38696}.Release|Any CPU.ActiveCfg = Release|Any CPU
		{8F9776FF-F389-404F-B734-D3E872E38696}.Release|Any CPU.Build.0 = Release|Any CPU
		{CEB59157-FBC4-4D24-B238-7E805D3C5E50}.Debug|Any CPU.ActiveCfg = Debug|Any CPU
		{CEB59157-FBC4-4D24-B238-7E805D3C5E50}.Debug|Any CPU.Build.0 = Debug|Any CPU
		{CEB59157-FBC4-4D24-B238-7E805D3C5E50}.Release|Any CPU.ActiveCfg = Release|Any CPU
		{CEB59157-FBC4-4D24-B238-7E805D3C5E50}.Release|Any CPU.Build.0 = Release|Any CPU
		{41D54AF2-4C03-431B-8A90-D01D83B52203}.Debug|Any CPU.ActiveCfg = Debug|Any CPU
		{41D54AF2-4C03-431B-8A90-D01D83B52203}.Debug|Any CPU.Build.0 = Debug|Any CPU
		{41D54AF2-4C03-431B-8A90-D01D83B52203}.Release|Any CPU.ActiveCfg = Release|Any CPU
		{41D54AF2-4C03-431B-8A90-D01D83B52203}.Release|Any CPU.Build.0 = Release|Any CPU
		{2301C006-5140-45D2-9041-16FDA7887DD3}.Debug|Any CPU.ActiveCfg = Debug|Any CPU
		{2301C006-5140-45D2-9041-16FDA7887DD3}.Debug|Any CPU.Build.0 = Debug|Any CPU
		{2301C006-5140-45D2-9041-16FDA7887DD3}.Release|Any CPU.ActiveCfg = Release|Any CPU
		{2301C006-5140-45D2-9041-16FDA7887DD3}.Release|Any CPU.Build.0 = Release|Any CPU
	EndGlobalSection
	GlobalSection(SolutionProperties) = preSolution
		HideSolutionNode = FALSE
	EndGlobalSection
	GlobalSection(ExtensibilityGlobals) = postSolution
		SolutionGuid = {CA95BD67-5BC3-4A5C-8557-34DD598F8457}
	EndGlobalSection
EndGlobal
